
Microsoft Visual Studio Solution File, Format Version 12.00
# Visual Studio 14
VisualStudioVersion = 14.0.25420.1
MinimumVisualStudioVersion = 10.0.40219.1
Project("{FAE04EC0-301F-11D3-BF4B-00C04F79EFBC}") = "QuieroPizza.Web", "QuieroPizza.Web\QuieroPizza.Web.csproj", "{1AC41916-5EA6-4E0B-8548-C3EE22C14DA8}"
EndProject
Project("{FAE04EC0-301F-11D3-BF4B-00C04F79EFBC}") = "Educacion.webAdmin", "Educacion.web\Educacion.webAdmin.csproj", "{AA674BF4-68FC-4787-BA77-4AD7A3550839}"
EndProject
Project("{FAE04EC0-301F-11D3-BF4B-00C04F79EFBC}") = "Educacion.Win", "Educacion.Win\Educacion.Win.csproj", "{68E3CF7A-D757-48C7-B0F3-28231C6AC52B}"
EndProject
Project("{FAE04EC0-301F-11D3-BF4B-00C04F79EFBC}") = "Educacion.BL", "Educacion.BL\Educacion.BL.csproj", "{D60D67DE-5A2E-451D-8C36-805C6789DA40}"
EndProject
Global
	GlobalSection(SolutionConfigurationPlatforms) = preSolution
		Debug|Any CPU = Debug|Any CPU
		Release|Any CPU = Release|Any CPU
	EndGlobalSection
	GlobalSection(ProjectConfigurationPlatforms) = postSolution
		{1AC41916-5EA6-4E0B-8548-C3EE22C14DA8}.Debug|Any CPU.ActiveCfg = Debug|Any CPU
		{1AC41916-5EA6-4E0B-8548-C3EE22C14DA8}.Debug|Any CPU.Build.0 = Debug|Any CPU
		{1AC41916-5EA6-4E0B-8548-C3EE22C14DA8}.Release|Any CPU.ActiveCfg = Release|Any CPU
		{1AC41916-5EA6-4E0B-8548-C3EE22C14DA8}.Release|Any CPU.Build.0 = Release|Any CPU
		{AA674BF4-68FC-4787-BA77-4AD7A3550839}.Debug|Any CPU.ActiveCfg = Debug|Any CPU
		{AA674BF4-68FC-4787-BA77-4AD7A3550839}.Debug|Any CPU.Build.0 = Debug|Any CPU
		{AA674BF4-68FC-4787-BA77-4AD7A3550839}.Release|Any CPU.ActiveCfg = Release|Any CPU
		{AA674BF4-68FC-4787-BA77-4AD7A3550839}.Release|Any CPU.Build.0 = Release|Any CPU
		{68E3CF7A-D757-48C7-B0F3-28231C6AC52B}.Debug|Any CPU.ActiveCfg = Debug|Any CPU
		{68E3CF7A-D757-48C7-B0F3-28231C6AC52B}.Debug|Any CPU.Build.0 = Debug|Any CPU
		{68E3CF7A-D757-48C7-B0F3-28231C6AC52B}.Release|Any CPU.ActiveCfg = Release|Any CPU
		{68E3CF7A-D757-48C7-B0F3-28231C6AC52B}.Release|Any CPU.Build.0 = Release|Any CPU
		{D60D67DE-5A2E-451D-8C36-805C6789DA40}.Debug|Any CPU.ActiveCfg = Debug|Any CPU
		{D60D67DE-5A2E-451D-8C36-805C6789DA40}.Debug|Any CPU.Build.0 = Debug|Any CPU
		{D60D67DE-5A2E-451D-8C36-805C6789DA40}.Release|Any CPU.ActiveCfg = Release|Any CPU
		{D60D67DE-5A2E-451D-8C36-805C6789DA40}.Release|Any CPU.Build.0 = Release|Any CPU
	EndGlobalSection
	GlobalSection(SolutionProperties) = preSolution
		HideSolutionNode = FALSE
	EndGlobalSection
EndGlobal
